Microsoft Visual Studio Solution File, Format Version 12.00
# Visual Studio Version 16
VisualStudioVersion = 16.0.29409.12
MinimumVisualStudioVersion = 10.0.40219.1
Project("{FAE04EC0-301F-11D3-BF4B-00C04F79EFBC}") = "WOLF2D", "WOLF2D.csproj", "{A46AC554-9B08-486D-AB30-03F34B582FC7}"
EndProject
Project("{FAE04EC0-301F-11D3-BF4B-00C04F79EFBC}") = "WOLF2DTest", "WOLF3DTest\WOLF2DTest.csproj", "{DA4521B7-0AE2-45F8-8B6E-66F38E92F8A7}"
EndProject
Project("{FAE04EC0-301F-11D3-BF4B-00C04F79EFBC}") = "OPL", "OPL\OPL.csproj", "{CC078116-75E0-49AC-A92A-58F7E505B9C2}"
EndProject
Global
	GlobalSection(SolutionConfigurationPlatforms) = preSolution
		Debug|Any CPU = Debug|Any CPU
		Release|Any CPU = Release|Any CPU
		Tools|Any CPU = Tools|Any CPU
	EndGlobalSection
	GlobalSection(ProjectConfigurationPlatforms) = postSolution
		{A46AC554-9B08-486D-AB30-03F34B582FC7}.Debug|Any CPU.ActiveCfg = Debug|Any CPU
		{A46AC554-9B08-486D-AB30-03F34B582FC7}.Debug|Any CPU.Build.0 = Debug|Any CPU
		{A46AC554-9B08-486D-AB30-03F34B582FC7}.Release|Any CPU.ActiveCfg = Release|Any CPU
		{A46AC554-9B08-486D-AB30-03F34B582FC7}.Release|Any CPU.Build.0 = Release|Any CPU
		{A46AC554-9B08-486D-AB30-03F34B582FC7}.Tools|Any CPU.ActiveCfg = Tools|Any CPU
		{A46AC554-9B08-486D-AB30-03F34B582FC7}.Tools|Any CPU.Build.0 = Tools|Any CPU
		{DA4521B7-0AE2-45F8-8B6E-66F38E92F8A7}.Debug|Any CPU.ActiveCfg = Debug|Any CPU
		{DA4521B7-0AE2-45F8-8B6E-66F38E92F8A7}.Debug|Any CPU.Build.0 = Debug|Any CPU
		{DA4521B7-0AE2-45F8-8B6E-66F38E92F8A7}.Release|Any CPU.ActiveCfg = Release|Any CPU
		{DA4521B7-0AE2-45F8-8B6E-66F38E92F8A7}.Release|Any CPU.Build.0 = Release|Any CPU
		{DA4521B7-0AE2-45F8-8B6E-66F38E92F8A7}.Tools|Any CPU.ActiveCfg = Release|Any CPU
		{DA4521B7-0AE2-45F8-8B6E-66F38E92F8A7}.Tools|Any CPU.Build.0 = Release|Any CPU
		{CC078116-75E0-49AC-A92A-58F7E505B9C2}.Debug|Any CPU.ActiveCfg = Debug|Any CPU
		{CC078116-75E0-49AC-A92A-58F7E505B9C2}.Debug|Any CPU.Build.0 = Debug|Any CPU
		{CC078116-75E0-49AC-A92A-58F7E505B9C2}.Release|Any CPU.ActiveCfg = Release|Any CPU
		{CC078116-75E0-49AC-A92A-58F7E505B9C2}.Release|Any CPU.Build.0 = Release|Any CPU
		{CC078116-75E0-49AC-A92A-58F7E505B9C2}.Tools|Any CPU.ActiveCfg = Release|Any CPU
		{CC078116-75E0-49AC-A92A-58F7E505B9C2}.Tools|Any CPU.Build.0 = Release|Any CPU
	EndGlobalSection
	GlobalSection(SolutionProperties) = preSolution
		HideSolutionNode = FALSE
	EndGlobalSection
	GlobalSection(ExtensibilityGlobals) = postSolution
		SolutionGuid = {65F25400-0F30-43D3-A850-6B9E58EEB675}
	EndGlobalSection
EndGlobal
